
Microsoft Visual Studio Solution File, Format Version 12.00
# Visual Studio Version 16
VisualStudioVersion = 16.0.30011.22
MinimumVisualStudioVersion = 10.0.40219.1
Project("{FAE04EC0-301F-11D3-BF4B-00C04F79EFBC}") = "ImageGallerySearch.API", "ImageSearchEngine.API\ImageGallerySearch.API.csproj", "{8849C19E-115C-4972-AC30-8A0A9CE4556C}"
EndProject
Project("{FAE04EC0-301F-11D3-BF4B-00C04F79EFBC}") = "ImageGallerySearch.Domain", "ImageGallerySearch.Domain\ImageGallerySearch.Domain.csproj", "{C4C3024A-8501-4503-8A96-F5A8643BD3D0}"
EndProject
Project("{FAE04EC0-301F-11D3-BF4B-00C04F79EFBC}") = "ImageGallerySearch.AgileEngine", "ImageGallerySearch.AgileEngine.Interfaces\ImageGallerySearch.AgileEngine.csproj", "{58BB5997-721C-4361-8448-0CA1B3AC40A0}"
EndProject
Project("{FAE04EC0-301F-11D3-BF4B-00C04F79EFBC}") = "ImageGallerySearch.DataTransferObjects", "ImageGallerySearch.DataTransferObjects\ImageGallerySearch.DataTransferObjects.csproj", "{FC06EA5C-A58E-4E33-99C3-14524C7B41D5}"
EndProject
Project("{FAE04EC0-301F-11D3-BF4B-00C04F79EFBC}") = "ImageGallerySearch.Common", "ImageGallerySearch.Common\ImageGallerySearch.Common.csproj", "{92B521DE-32D7-4F74-9423-9C23DA19914B}"
EndProject
Global
	GlobalSection(SolutionConfigurationPlatforms) = preSolution
		Debug|Any CPU = Debug|Any CPU
		Release|Any CPU = Release|Any CPU
	EndGlobalSection
	GlobalSection(ProjectConfigurationPlatforms) = postSolution
		{8849C19E-115C-4972-AC30-8A0A9CE4556C}.Debug|Any CPU.ActiveCfg = Debug|Any CPU
		{8849C19E-115C-4972-AC30-8A0A9CE4556C}.Debug|Any CPU.Build.0 = Debug|Any CPU
		{8849C19E-115C-4972-AC30-8A0A9CE4556C}.Release|Any CPU.ActiveCfg = Release|Any CPU
		{8849C19E-115C-4972-AC30-8A0A9CE4556C}.Release|Any CPU.Build.0 = Release|Any CPU
		{C4C3024A-8501-4503-8A96-F5A8643BD3D0}.Debug|Any CPU.ActiveCfg = Debug|Any CPU
		{C4C3024A-8501-4503-8A96-F5A8643BD3D0}.Debug|Any CPU.Build.0 = Debug|Any CPU
		{C4C3024A-8501-4503-8A96-F5A8643BD3D0}.Release|Any CPU.ActiveCfg = Release|Any CPU
		{C4C3024A-8501-4503-8A96-F5A8643BD3D0}.Release|Any CPU.Build.0 = Release|Any CPU
		{58BB5997-721C-4361-8448-0CA1B3AC40A0}.Debug|Any CPU.ActiveCfg = Debug|Any CPU
		{58BB5997-721C-4361-8448-0CA1B3AC40A0}.Debug|Any CPU.Build.0 = Debug|Any CPU
		{58BB5997-721C-4361-8448-0CA1B3AC40A0}.Release|Any CPU.ActiveCfg = Release|Any CPU
		{58BB5997-721C-4361-8448-0CA1B3AC40A0}.Release|Any CPU.Build.0 = Release|Any CPU
		{FC06EA5C-A58E-4E33-99C3-14524C7B41D5}.Debug|Any CPU.ActiveCfg = Debug|Any CPU
		{FC06EA5C-A58E-4E33-99C3-14524C7B41D5}.Debug|Any CPU.Build.0 = Debug|Any CPU
		{FC06EA5C-A58E-4E33-99C3-14524C7B41D5}.Release|Any CPU.ActiveCfg = Release|Any CPU
		{FC06EA5C-A58E-4E33-99C3-14524C7B41D5}.Release|Any CPU.Build.0 = Release|Any CPU
		{92B521DE-32D7-4F74-9423-9C23DA19914B}.Debug|Any CPU.ActiveCfg = Debug|Any CPU
		{92B521DE-32D7-4F74-9423-9C23DA19914B}.Debug|Any CPU.Build.0 = Debug|Any CPU
		{92B521DE-32D7-4F74-9423-9C23DA19914B}.Release|Any CPU.ActiveCfg = Release|Any CPU
		{92B521DE-32D7-4F74-9423-9C23DA19914B}.Release|Any CPU.Build.0 = Release|Any CPU
	EndGlobalSection
	GlobalSection(SolutionProperties) = preSolution
		HideSolutionNode = FALSE
	EndGlobalSection
	GlobalSection(ExtensibilityGlobals) = postSolution
		SolutionGuid = {451E1103-D73E-4CCE-B8B7-95E84A699170}
	EndGlobalSection
EndGlobal
